
Microsoft Visual Studio Solution File, Format Version 12.00
# Visual Studio Version 16
VisualStudioVersion = 16.0.31105.61
MinimumVisualStudioVersion = 10.0.40219.1
Project("{9A19103F-16F7-4668-BE54-9A1E7A4F7556}") = "Basic", "Basic\Basic.csproj", "{A225FA3A-4EDA-45C8-9008-AC4E1D718D49}"
EndProject
Project("{FAE04EC0-301F-11D3-BF4B-00C04F79EFBC}") = "IdentityExample", "IdentityExample\IdentityExample.csproj", "{88CFC9BD-D1DF-41CD-A782-55A6A106B645}"
EndProject
Project("{2150E333-8FDC-42A3-9474-1A3956D46DE8}") = "oauth", "oauth", "{721072A2-79FE-47B0-85B2-827D91E47B7B}"
EndProject
Project("{FAE04EC0-301F-11D3-BF4B-00C04F79EFBC}") = "Server", "Server\Server.csproj", "{7DDD18C7-C16D-4241-AB1F-EE9FDC617D96}"
EndProject
Global
	GlobalSection(SolutionConfigurationPlatforms) = preSolution
		Debug|Any CPU = Debug|Any CPU
		Release|Any CPU = Release|Any CPU
	EndGlobalSection
	GlobalSection(ProjectConfigurationPlatforms) = postSolution
		{A225FA3A-4EDA-45C8-9008-AC4E1D718D49}.Debug|Any CPU.ActiveCfg = Debug|Any CPU
		{A225FA3A-4EDA-45C8-9008-AC4E1D718D49}.Debug|Any CPU.Build.0 = Debug|Any CPU
		{A225FA3A-4EDA-45C8-9008-AC4E1D718D49}.Release|Any CPU.ActiveCfg = Release|Any CPU
		{A225FA3A-4EDA-45C8-9008-AC4E1D718D49}.Release|Any CPU.Build.0 = Release|Any CPU
		{88CFC9BD-D1DF-41CD-A782-55A6A106B645}.Debug|Any CPU.ActiveCfg = Debug|Any CPU
		{88CFC9BD-D1DF-41CD-A782-55A6A106B645}.Debug|Any CPU.Build.0 = Debug|Any CPU
		{88CFC9BD-D1DF-41CD-A782-55A6A106B645}.Release|Any CPU.ActiveCfg = Release|Any CPU
		{88CFC9BD-D1DF-41CD-A782-55A6A106B645}.Release|Any CPU.Build.0 = Release|Any CPU
		{7DDD18C7-C16D-4241-AB1F-EE9FDC617D96}.Debug|Any CPU.ActiveCfg = Debug|Any CPU
		{7DDD18C7-C16D-4241-AB1F-EE9FDC617D96}.Debug|Any CPU.Build.0 = Debug|Any CPU
		{7DDD18C7-C16D-4241-AB1F-EE9FDC617D96}.Release|Any CPU.ActiveCfg = Release|Any CPU
		{7DDD18C7-C16D-4241-AB1F-EE9FDC617D96}.Release|Any CPU.Build.0 = Release|Any CPU
	EndGlobalSection
	GlobalSection(SolutionProperties) = preSolution
		HideSolutionNode = FALSE
	EndGlobalSection
	GlobalSection(NestedProjects) = preSolution
		{7DDD18C7-C16D-4241-AB1F-EE9FDC617D96} = {721072A2-79FE-47B0-85B2-827D91E47B7B}
	EndGlobalSection
	GlobalSection(ExtensibilityGlobals) = postSolution
		SolutionGuid = {8D5B2683-8F16-4B90-A017-9FFCB1694425}
	EndGlobalSection
EndGlobal
